
Microsoft Visual Studio Solution File, Format Version 12.00
# Visual Studio Version 17
VisualStudioVersion = 17.11.35208.52
MinimumVisualStudioVersion = 10.0.40219.1
Project("{FAE04EC0-301F-11D3-BF4B-00C04F79EFBC}") = "UcaTest", "UcaTest\UcaTest.csproj", "{E1FFB9ED-53E3-4FDD-9E58-DE9C65F77AFE}"
EndProject
Project("{FAE04EC0-301F-11D3-BF4B-00C04F79EFBC}") = "ReadCardTest", "ReadCardTest\ReadCardTest.csproj", "{5954FC7F-01DD-45DF-9328-09B02CFE0B32}"
EndProject
Project("{FAE04EC0-301F-11D3-BF4B-00C04F79EFBC}") = "PrinterStatusLister", "PrinterStatusLister\PrinterStatusLister.csproj", "{80BD7772-34DE-4C03-ACAF-60C9C67E5387}"
EndProject
Project("{FAE04EC0-301F-11D3-BF4B-00C04F79EFBC}") = "PdfPrintingNetTest", "PdfPrintingNetTest\PdfPrintingNetTest.csproj", "{1C7A0D2B-5E94-482C-988B-F7AA7F12751F}"
EndProject
Project("{FAE04EC0-301F-11D3-BF4B-00C04F79EFBC}") = "PdfPrintingNetLastTest", "PdfPrintingNetLastTest\PdfPrintingNetLastTest.csproj", "{C980B67D-078C-4DB9-88F5-5DB60C73D8C9}"
EndProject
Global
	GlobalSection(SolutionConfigurationPlatforms) = preSolution
		Debug|Any CPU = Debug|Any CPU
		Release|Any CPU = Release|Any CPU
	EndGlobalSection
	GlobalSection(ProjectConfigurationPlatforms) = postSolution
		{E1FFB9ED-53E3-4FDD-9E58-DE9C65F77AFE}.Debug|Any CPU.ActiveCfg = Debug|Any CPU
		{E1FFB9ED-53E3-4FDD-9E58-DE9C65F77AFE}.Debug|Any CPU.Build.0 = Debug|Any CPU
		{E1FFB9ED-53E3-4FDD-9E58-DE9C65F77AFE}.Release|Any CPU.ActiveCfg = Release|Any CPU
		{E1FFB9ED-53E3-4FDD-9E58-DE9C65F77AFE}.Release|Any CPU.Build.0 = Release|Any CPU
		{5954FC7F-01DD-45DF-9328-09B02CFE0B32}.Debug|Any CPU.ActiveCfg = Debug|Any CPU
		{5954FC7F-01DD-45DF-9328-09B02CFE0B32}.Debug|Any CPU.Build.0 = Debug|Any CPU
		{5954FC7F-01DD-45DF-9328-09B02CFE0B32}.Release|Any CPU.ActiveCfg = Release|Any CPU
		{5954FC7F-01DD-45DF-9328-09B02CFE0B32}.Release|Any CPU.Build.0 = Release|Any CPU
		{80BD7772-34DE-4C03-ACAF-60C9C67E5387}.Debug|Any CPU.ActiveCfg = Debug|Any CPU
		{80BD7772-34DE-4C03-ACAF-60C9C67E5387}.Debug|Any CPU.Build.0 = Debug|Any CPU
		{80BD7772-34DE-4C03-ACAF-60C9C67E5387}.Release|Any CPU.ActiveCfg = Release|Any CPU
		{80BD7772-34DE-4C03-ACAF-60C9C67E5387}.Release|Any CPU.Build.0 = Release|Any CPU
		{1C7A0D2B-5E94-482C-988B-F7AA7F12751F}.Debug|Any CPU.ActiveCfg = Debug|Any CPU
		{1C7A0D2B-5E94-482C-988B-F7AA7F12751F}.Debug|Any CPU.Build.0 = Debug|Any CPU
		{1C7A0D2B-5E94-482C-988B-F7AA7F12751F}.Release|Any CPU.ActiveCfg = Release|Any CPU
		{1C7A0D2B-5E94-482C-988B-F7AA7F12751F}.Release|Any CPU.Build.0 = Release|Any CPU
		{C980B67D-078C-4DB9-88F5-5DB60C73D8C9}.Debug|Any CPU.ActiveCfg = Debug|Any CPU
		{C980B67D-078C-4DB9-88F5-5DB60C73D8C9}.Debug|Any CPU.Build.0 = Debug|Any CPU
		{C980B67D-078C-4DB9-88F5-5DB60C73D8C9}.Release|Any CPU.ActiveCfg = Release|Any CPU
		{C980B67D-078C-4DB9-88F5-5DB60C73D8C9}.Release|Any CPU.Build.0 = Release|Any CPU
	EndGlobalSection
	GlobalSection(SolutionProperties) = preSolution
		HideSolutionNode = FALSE
	EndGlobalSection
	GlobalSection(ExtensibilityGlobals) = postSolution
		SolutionGuid = {D7DF00EB-4C73-4522-BEE6-1DF693F12116}
	EndGlobalSection
EndGlobal
